# This file is automatically @generated by Cargo.
# It is not intended for manual editing.
version = 3

[[package]]
name = "aoc_2021"
version = "0.1.0"
dependencies = [
 "helpers",
]

[[package]]
name = "day02"
version = "0.1.0"
dependencies = [
 "helpers",
]

[[package]]
name = "day03"
version = "0.1.0"
dependencies = [
 "helpers",
]

[[package]]
name = "day04"
version = "0.1.0"
dependencies = [
 "helpers",
]

[[package]]
name = "day05"
version = "0.1.0"
dependencies = [
 "helpers",
]

[[package]]
name = "day06"
version = "0.1.0"
dependencies = [
 "helpers",
]

[[package]]
name = "day07"
version = "0.1.0"
dependencies = [
 "helpers",
]

[[package]]
name = "day08"
version = "0.1.0"
dependencies = [
 "helpers",
]

[[package]]
name = "day09"
version = "0.1.0"
dependencies = [
 "helpers",
]

[[package]]
name = "day10"
version = "0.1.0"
dependencies = [
 "helpers",
]

[[package]]
name = "day11"
version = "0.1.0"
dependencies = [
 "helpers",
]

[[package]]
name = "day12"
version = "0.1.0"

[[package]]
name = "day13"
version = "0.1.0"
dependencies = [
 "helpers",
]

[[package]]
name = "day14"
version = "0.1.0"
dependencies = [
 "helpers",
]

[[package]]
name = "day15"
version = "0.1.0"
dependencies = [
 "helpers",
]

[[package]]
name = "day16"
version = "0.1.0"
dependencies = [
 "helpers",
 "hex",
]

[[package]]
name = "day17"
version = "0.1.0"

[[package]]
name = "day18"
version = "0.1.0"
dependencies = [
 "helpers",
]

[[package]]
name = "day19"
version = "0.1.0"
dependencies = [
 "helpers",
]

[[package]]
name = "helpers"
version = "0.1.0"

[[package]]
name = "hex"
version = "0.4.3"
source = "registry+https://github.com/rust-lang/crates.io-index"
checksum = "7f24254aa9a54b5c858eaee2f5bccdb46aaf0e486a595ed5fd8f86ba55232a70"
